
Microsoft Visual Studio Solution File, Format Version 12.00
# Visual Studio Version 16
VisualStudioVersion = 16.0.30503.244
MinimumVisualStudioVersion = 10.0.40219.1
Project("{FAE04EC0-301F-11D3-BF4B-00C04F79EFBC}") = "BeerClassLibrary", "BeerClassLibrary\BeerClassLibrary.csproj", "{BFB7D3F1-6DA8-43FF-A36C-9BD442027608}"
EndProject
Project("{FAE04EC0-301F-11D3-BF4B-00C04F79EFBC}") = "UnitTestProject1", "UnitTestProject1\UnitTestProject1.csproj", "{8EE24D54-57B7-46DE-8352-9818A935C368}"
EndProject
Global
	GlobalSection(SolutionConfigurationPlatforms) = preSolution
		Debug|Any CPU = Debug|Any CPU
		Release|Any CPU = Release|Any CPU
	EndGlobalSection
	GlobalSection(ProjectConfigurationPlatforms) = postSolution
		{BFB7D3F1-6DA8-43FF-A36C-9BD442027608}.Debug|Any CPU.ActiveCfg = Debug|Any CPU
		{BFB7D3F1-6DA8-43FF-A36C-9BD442027608}.Debug|Any CPU.Build.0 = Debug|Any CPU
		{BFB7D3F1-6DA8-43FF-A36C-9BD442027608}.Release|Any CPU.ActiveCfg = Release|Any CPU
		{BFB7D3F1-6DA8-43FF-A36C-9BD442027608}.Release|Any CPU.Build.0 = Release|Any CPU
		{8EE24D54-57B7-46DE-8352-9818A935C368}.Debug|Any CPU.ActiveCfg = Debug|Any CPU
		{8EE24D54-57B7-46DE-8352-9818A935C368}.Debug|Any CPU.Build.0 = Debug|Any CPU
		{8EE24D54-57B7-46DE-8352-9818A935C368}.Release|Any CPU.ActiveCfg = Release|Any CPU
		{8EE24D54-57B7-46DE-8352-9818A935C368}.Release|Any CPU.Build.0 = Release|Any CPU
	EndGlobalSection
	GlobalSection(SolutionProperties) = preSolution
		HideSolutionNode = FALSE
	EndGlobalSection
	GlobalSection(ExtensibilityGlobals) = postSolution
		SolutionGuid = {030C6D47-1EBA-4746-83AA-143EAA559613}
	EndGlobalSection
EndGlobal
